
Microsoft Visual Studio Solution File, Format Version 12.00
Project("{2150E333-8FDC-42A3-9474-1A3956D46DE8}") = "src", "src", "{286D4924-BE3E-459A-8AD9-E47B8296E982}"
EndProject
Project("{2150E333-8FDC-42A3-9474-1A3956D46DE8}") = "Presentation", "Presentation", "{7FA98D2A-8054-4137-B922-EC990DF1D522}"
EndProject
Project("{FAE04EC0-301F-11D3-BF4B-00C04F79EFBC}") = "Api", "Api\Api.csproj", "{1D77159C-CA00-4A8F-B9C5-E0282C6FD881}"
EndProject
Project("{2150E333-8FDC-42A3-9474-1A3956D46DE8}") = "Core", "Core", "{F965CD0C-9B54-4959-9D69-2EA82EF6241E}"
EndProject
Project("{2150E333-8FDC-42A3-9474-1A3956D46DE8}") = "Infrastructure", "Infrastructure", "{3CA11EFB-EDBB-4880-BF22-9DAC4A4A0EB3}"
EndProject
Project("{FAE04EC0-301F-11D3-BF4B-00C04F79EFBC}") = "Infrastructure", "Infrastructure\Infrastructure.csproj", "{F1A1E6A9-D238-487C-B4F5-DD679785153A}"
EndProject
Project("{FAE04EC0-301F-11D3-BF4B-00C04F79EFBC}") = "Persistence", "Persistence\Persistence.csproj", "{3395CA83-67E8-4F5A-9738-17CB64E4273A}"
EndProject
Project("{FAE04EC0-301F-11D3-BF4B-00C04F79EFBC}") = "Application", "Application\Application.csproj", "{77204959-B1C3-4D95-949E-CD083D775606}"
EndProject
Project("{FAE04EC0-301F-11D3-BF4B-00C04F79EFBC}") = "Domain", "Domain\Domain.csproj", "{D2A9504E-C4F4-4CAD-833D-6CE35BFE0BE9}"
EndProject
Global
	GlobalSection(SolutionConfigurationPlatforms) = preSolution
		Debug|Any CPU = Debug|Any CPU
		Release|Any CPU = Release|Any CPU
	EndGlobalSection
	GlobalSection(NestedProjects) = preSolution
		{7FA98D2A-8054-4137-B922-EC990DF1D522} = {286D4924-BE3E-459A-8AD9-E47B8296E982}
		{1D77159C-CA00-4A8F-B9C5-E0282C6FD881} = {7FA98D2A-8054-4137-B922-EC990DF1D522}
		{F965CD0C-9B54-4959-9D69-2EA82EF6241E} = {286D4924-BE3E-459A-8AD9-E47B8296E982}
		{3CA11EFB-EDBB-4880-BF22-9DAC4A4A0EB3} = {286D4924-BE3E-459A-8AD9-E47B8296E982}
		{F1A1E6A9-D238-487C-B4F5-DD679785153A} = {3CA11EFB-EDBB-4880-BF22-9DAC4A4A0EB3}
		{3395CA83-67E8-4F5A-9738-17CB64E4273A} = {3CA11EFB-EDBB-4880-BF22-9DAC4A4A0EB3}
		{77204959-B1C3-4D95-949E-CD083D775606} = {F965CD0C-9B54-4959-9D69-2EA82EF6241E}
		{D2A9504E-C4F4-4CAD-833D-6CE35BFE0BE9} = {F965CD0C-9B54-4959-9D69-2EA82EF6241E}
	EndGlobalSection
	GlobalSection(ProjectConfigurationPlatforms) = postSolution
		{1D77159C-CA00-4A8F-B9C5-E0282C6FD881}.Debug|Any CPU.ActiveCfg = Debug|Any CPU
		{1D77159C-CA00-4A8F-B9C5-E0282C6FD881}.Debug|Any CPU.Build.0 = Debug|Any CPU
		{1D77159C-CA00-4A8F-B9C5-E0282C6FD881}.Release|Any CPU.ActiveCfg = Release|Any CPU
		{1D77159C-CA00-4A8F-B9C5-E0282C6FD881}.Release|Any CPU.Build.0 = Release|Any CPU
		{F1A1E6A9-D238-487C-B4F5-DD679785153A}.Debug|Any CPU.ActiveCfg = Debug|Any CPU
		{F1A1E6A9-D238-487C-B4F5-DD679785153A}.Debug|Any CPU.Build.0 = Debug|Any CPU
		{F1A1E6A9-D238-487C-B4F5-DD679785153A}.Release|Any CPU.ActiveCfg = Release|Any CPU
		{F1A1E6A9-D238-487C-B4F5-DD679785153A}.Release|Any CPU.Build.0 = Release|Any CPU
		{3395CA83-67E8-4F5A-9738-17CB64E4273A}.Debug|Any CPU.ActiveCfg = Debug|Any CPU
		{3395CA83-67E8-4F5A-9738-17CB64E4273A}.Debug|Any CPU.Build.0 = Debug|Any CPU
		{3395CA83-67E8-4F5A-9738-17CB64E4273A}.Release|Any CPU.ActiveCfg = Release|Any CPU
		{3395CA83-67E8-4F5A-9738-17CB64E4273A}.Release|Any CPU.Build.0 = Release|Any CPU
		{77204959-B1C3-4D95-949E-CD083D775606}.Debug|Any CPU.ActiveCfg = Debug|Any CPU
		{77204959-B1C3-4D95-949E-CD083D775606}.Debug|Any CPU.Build.0 = Debug|Any CPU
		{77204959-B1C3-4D95-949E-CD083D775606}.Release|Any CPU.ActiveCfg = Release|Any CPU
		{77204959-B1C3-4D95-949E-CD083D775606}.Release|Any CPU.Build.0 = Release|Any CPU
		{D2A9504E-C4F4-4CAD-833D-6CE35BFE0BE9}.Debug|Any CPU.ActiveCfg = Debug|Any CPU
		{D2A9504E-C4F4-4CAD-833D-6CE35BFE0BE9}.Debug|Any CPU.Build.0 = Debug|Any CPU
		{D2A9504E-C4F4-4CAD-833D-6CE35BFE0BE9}.Release|Any CPU.ActiveCfg = Release|Any CPU
		{D2A9504E-C4F4-4CAD-833D-6CE35BFE0BE9}.Release|Any CPU.Build.0 = Release|Any CPU
	EndGlobalSection
EndGlobal
